# This file is automatically @generated by Cargo.
# It is not intended for manual editing.
version = 4

[[package]]
name = "borsh"
version = "1.5.7"
source = "registry+https://github.com/rust-lang/crates.io-index"
checksum = "ad8646f98db542e39fc66e68a20b2144f6a732636df7c2354e74645faaa433ce"
dependencies = [
 "borsh-derive",
 "cfg_aliases",
]

[[package]]
name = "borsh-derive"
version = "1.5.7"
source = "registry+https://github.com/rust-lang/crates.io-index"
checksum = "fdd1d3c0c2f5833f22386f252fe8ed005c7f59fdcddeef025c01b4c3b9fd9ac3"
dependencies = [
 "once_cell",
 "proc-macro-crate",
 "proc-macro2",
 "quote",
 "syn",
]

[[package]]
name = "cfg_aliases"
version = "0.2.1"
source = "registry+https://github.com/rust-lang/crates.io-index"
checksum = "613afe47fcd5fac7ccf1db93babcb082c5994d996f20b8b159f2ad1658eb5724"

[[package]]
name = "const-crypto"
version = "0.3.0"
source = "registry+https://github.com/rust-lang/crates.io-index"
checksum = "1c06f1eb05f06cf2e380fdded278fbf056a38974299d77960555a311dcf91a52"
dependencies = [
 "keccak-const",
 "sha2-const-stable",
]

[[package]]
name = "equivalent"
version = "1.0.2"
source = "registry+https://github.com/rust-lang/crates.io-index"
checksum = "877a4ace8713b0bcf2a4e7eec82529c029f1d0619886d18145fea96c3ffe5c0f"

[[package]]
name = "generic-array-struct"
version = "0.3.2"
source = "registry+https://github.com/rust-lang/crates.io-index"
checksum = "a110495b7878dc5d64496e8b596e2f4b2452cc48b5f179a5577e34c49d08248f"
dependencies = [
 "heck",
 "proc-macro2",
 "quote",
 "syn",
]

[[package]]
name = "hashbrown"
version = "0.15.3"
source = "registry+https://github.com/rust-lang/crates.io-index"
checksum = "84b26c544d002229e640969970a2e74021aadf6e2f96372b9c58eff97de08eb3"

[[package]]
name = "heck"
version = "0.5.0"
source = "registry+https://github.com/rust-lang/crates.io-index"
checksum = "2304e00983f87ffb38b55b444b5e3b60a884b5d30c0fca7d82fe33449bbe55ea"

[[package]]
name = "indexmap"
version = "2.9.0"
source = "registry+https://github.com/rust-lang/crates.io-index"
checksum = "cea70ddb795996207ad57735b50c5982d8844f38ba9ee5f1aedcfb708a2aa11e"
dependencies = [
 "equivalent",
 "hashbrown",
]

[[package]]
name = "jiminy-account"
version = "0.1.0"
source = "git+https://github.com/igneous-labs/jiminy.git?branch=master#74ac27a8c991e27603b0a84b45f57b1e66105c91"
dependencies = [
 "jiminy-program-error",
]

[[package]]
name = "jiminy-cpi"
version = "0.1.0"
source = "git+https://github.com/igneous-labs/jiminy.git?branch=master#74ac27a8c991e27603b0a84b45f57b1e66105c91"
dependencies = [
 "jiminy-account",
 "jiminy-pda",
 "jiminy-program-error",
 "jiminy-syscall",
]

[[package]]
name = "jiminy-pda"
version = "0.1.0"
source = "git+https://github.com/igneous-labs/jiminy.git?branch=master#74ac27a8c991e27603b0a84b45f57b1e66105c91"
dependencies = [
 "jiminy-syscall",
]

[[package]]
name = "jiminy-program-error"
version = "0.1.0"
source = "git+https://github.com/igneous-labs/jiminy.git?branch=master#74ac27a8c991e27603b0a84b45f57b1e66105c91"

[[package]]
name = "jiminy-return-data"
version = "0.1.0"
source = "git+https://github.com/igneous-labs/jiminy.git?branch=master#74ac27a8c991e27603b0a84b45f57b1e66105c91"
dependencies = [
 "jiminy-syscall",
]

[[package]]
name = "jiminy-syscall"
version = "0.1.0"
source = "git+https://github.com/igneous-labs/jiminy.git?branch=master#74ac27a8c991e27603b0a84b45f57b1e66105c91"

[[package]]
name = "keccak-const"
version = "0.2.0"
source = "registry+https://github.com/rust-lang/crates.io-index"
checksum = "57d8d8ce877200136358e0bbff3a77965875db3af755a11e1fa6b1b3e2df13ea"

[[package]]
name = "memchr"
version = "2.7.4"
source = "registry+https://github.com/rust-lang/crates.io-index"
checksum = "78ca9ab1a0babb1e7d5695e3530886289c18cf2f87ec19a575a0abdce112e3a3"

[[package]]
name = "once_cell"
version = "1.21.3"
source = "registry+https://github.com/rust-lang/crates.io-index"
checksum = "42f5e15c9953c5e4ccceeb2e7382a716482c34515315f7b03532b8b4e8393d2d"

[[package]]
name = "proc-macro-crate"
version = "3.3.0"
source = "registry+https://github.com/rust-lang/crates.io-index"
checksum = "edce586971a4dfaa28950c6f18ed55e0406c1ab88bbce2c6f6293a7aaba73d35"
dependencies = [
 "toml_edit",
]

[[package]]
name = "proc-macro2"
version = "1.0.95"
source = "registry+https://github.com/rust-lang/crates.io-index"
checksum = "02b3e5e68a3a1a02aad3ec490a98007cbc13c37cbe84a3cd7b8e406d76e7f778"
dependencies = [
 "unicode-ident",
]

[[package]]
name = "quote"
version = "1.0.40"
source = "registry+https://github.com/rust-lang/crates.io-index"
checksum = "1885c039570dc00dcb4ff087a89e185fd56bae234ddc7f056a945bf36467248d"
dependencies = [
 "proc-macro2",
]

[[package]]
name = "sanctum-fee-ratio"
version = "2.2.0"
source = "registry+https://github.com/rust-lang/crates.io-index"
checksum = "0ecccdd19e355529a37c58376efff70673d748447b085c1e7d788ba51c2c0ddd"
dependencies = [
 "sanctum-u64-ratio",
]

[[package]]
name = "sanctum-marinade-liquid-staking-core"
version = "0.1.0"
source = "git+https://github.com/igneous-labs/sanctum-marinade-liquid-staking-sdk.git?branch=main#42811b2a2fa7fc35c24e298e06186ef263dbf706"
dependencies = [
 "borsh",
 "const-crypto",
 "generic-array-struct",
 "sanctum-fee-ratio",
 "sanctum-u64-ratio",
]

[[package]]
name = "sanctum-spl-stake-pool-core"
version = "0.1.0"
source = "git+https://github.com/igneous-labs/sanctum-spl-stake-pool-sdk.git?branch=master#c621a20db3320b84b00bf596fd78bfad6bdef33f"
dependencies = [
 "borsh",
 "const-crypto",
 "generic-array-struct",
 "sanctum-fee-ratio",
 "sanctum-u64-ratio",
]

[[package]]
name = "sanctum-svc-ag-core"
version = "0.1.0"
dependencies = [
 "sanctum-svc-core",
 "sanctum-svc-generic",
 "sanctum-svc-lido-core",
 "sanctum-svc-marinade-core",
 "sanctum-svc-spl-core",
 "sanctum-svc-wsol-core",
]

[[package]]
name = "sanctum-svc-ag-std"
version = "0.1.0"
dependencies = [
 "sanctum-svc-ag-core",
 "sanctum-svc-lido-std",
 "sanctum-svc-marinade-std",
 "sanctum-svc-spl-std",
 "sanctum-svc-std",
 "sanctum-svc-wsol-std",
]

[[package]]
name = "sanctum-svc-core"
version = "0.1.0"
dependencies = [
 "generic-array-struct",
]

[[package]]
name = "sanctum-svc-generic"
version = "0.1.0"
dependencies = [
 "const-crypto",
 "generic-array-struct",
]

[[package]]
name = "sanctum-svc-jiminy"
version = "0.1.0"
dependencies = [
 "jiminy-cpi",
 "jiminy-return-data",
 "sanctum-svc-core",
]

[[package]]
name = "sanctum-svc-lido-core"
version = "0.1.0"
dependencies = [
 "const-crypto",
 "generic-array-struct",
 "sanctum-svc-core",
 "sanctum-svc-generic",
 "sanctum-token-ratio-compat",
 "solido-legacy-core",
]

[[package]]
name = "sanctum-svc-lido-std"
version = "0.1.0"
dependencies = [
 "sanctum-svc-lido-core",
 "sanctum-svc-std",
]

[[package]]
name = "sanctum-svc-marinade-core"
version = "0.1.0"
dependencies = [
 "const-crypto",
 "generic-array-struct",
 "sanctum-marinade-liquid-staking-core",
 "sanctum-svc-core",
 "sanctum-svc-generic",
 "sanctum-token-ratio-compat",
 "sanctum-u64-ratio",
]

[[package]]
name = "sanctum-svc-marinade-std"
version = "0.1.0"
dependencies = [
 "sanctum-svc-marinade-core",
 "sanctum-svc-std",
]

[[package]]
name = "sanctum-svc-spl-core"
version = "0.1.0"
dependencies = [
 "const-crypto",
 "generic-array-struct",
 "sanctum-fee-ratio",
 "sanctum-spl-stake-pool-core",
 "sanctum-svc-core",
 "sanctum-svc-generic",
 "sanctum-token-ratio-compat",
 "sanctum-u64-ratio",
]

[[package]]
name = "sanctum-svc-spl-std"
version = "0.1.0"
dependencies = [
 "sanctum-svc-spl-core",
 "sanctum-svc-std",
]

[[package]]
name = "sanctum-svc-std"
version = "0.1.0"
dependencies = [
 "sanctum-svc-core",
 "sanctum-update-traits",
]

[[package]]
name = "sanctum-svc-wsol-core"
version = "0.1.0"
dependencies = [
 "const-crypto",
 "generic-array-struct",
 "sanctum-svc-core",
]

[[package]]
name = "sanctum-svc-wsol-std"
version = "0.1.0"
dependencies = [
 "sanctum-svc-std",
 "sanctum-svc-wsol-core",
]

[[package]]
name = "sanctum-token-ratio-compat"
version = "0.1.0"
dependencies = [
 "sanctum-fee-ratio",
 "sanctum-u64-ratio",
]

[[package]]
name = "sanctum-u64-ratio"
version = "2.2.0"
source = "registry+https://github.com/rust-lang/crates.io-index"
checksum = "399670a93a811c1eb179b3d0e2953ab93bef325333272c1ed40efd0732c31225"

[[package]]
name = "sanctum-update-traits"
version = "0.1.0"

[[package]]
name = "sha2-const-stable"
version = "0.1.0"
source = "registry+https://github.com/rust-lang/crates.io-index"
checksum = "5f179d4e11094a893b82fff208f74d448a7512f99f5a0acbd5c679b705f83ed9"

[[package]]
name = "solido-legacy-core"
version = "0.1.0"
source = "git+https://github.com/igneous-labs/solido-legacy-sdk.git?branch=master#16e6658c4504cf59c8d0b9e375dd6f9faec7d663"
dependencies = [
 "borsh",
 "const-crypto",
 "generic-array-struct",
 "sanctum-u64-ratio",
]

[[package]]
name = "syn"
version = "2.0.101"
source = "registry+https://github.com/rust-lang/crates.io-index"
checksum = "8ce2b7fc941b3a24138a0a7cf8e858bfc6a992e7978a068a5c760deb0ed43caf"
dependencies = [
 "proc-macro2",
 "quote",
 "unicode-ident",
]

[[package]]
name = "toml_datetime"
version = "0.6.9"
source = "registry+https://github.com/rust-lang/crates.io-index"
checksum = "3da5db5a963e24bc68be8b17b6fa82814bb22ee8660f192bb182771d498f09a3"

[[package]]
name = "toml_edit"
version = "0.22.26"
source = "registry+https://github.com/rust-lang/crates.io-index"
checksum = "310068873db2c5b3e7659d2cc35d21855dbafa50d1ce336397c666e3cb08137e"
dependencies = [
 "indexmap",
 "toml_datetime",
 "winnow",
]

[[package]]
name = "unicode-ident"
version = "1.0.18"
source = "registry+https://github.com/rust-lang/crates.io-index"
checksum = "5a5f39404a5da50712a4c1eecf25e90dd62b613502b7e925fd4e4d19b5c96512"

[[package]]
name = "winnow"
version = "0.7.10"
source = "registry+https://github.com/rust-lang/crates.io-index"
checksum = "c06928c8748d81b05c9be96aad92e1b6ff01833332f281e8cfca3be4b35fc9ec"
dependencies = [
 "memchr",
]
